
Microsoft Visual Studio Solution File, Format Version 12.00
# Visual Studio Version 17
VisualStudioVersion = 17.2.32516.85
MinimumVisualStudioVersion = 10.0.40219.1
Project("{FAE04EC0-301F-11D3-BF4B-00C04F79EFBC}") = "SchoolsCalendar1", "SchoolsCalendar1\SchoolsCalendar1.csproj", "{1AA1EBEA-051D-4E53-8419-D1425C5EC6AD}"
EndProject
Global
	GlobalSection(SolutionConfigurationPlatforms) = preSolution
		Debug|Any CPU = Debug|Any CPU
		Release|Any CPU = Release|Any CPU
	EndGlobalSection
	GlobalSection(ProjectConfigurationPlatforms) = postSolution
		{1AA1EBEA-051D-4E53-8419-D1425C5EC6AD}.Debug|Any CPU.ActiveCfg = Debug|Any CPU
		{1AA1EBEA-051D-4E53-8419-D1425C5EC6AD}.Debug|Any CPU.Build.0 = Debug|Any CPU
		{1AA1EBEA-051D-4E53-8419-D1425C5EC6AD}.Release|Any CPU.ActiveCfg = Release|Any CPU
		{1AA1EBEA-051D-4E53-8419-D1425C5EC6AD}.Release|Any CPU.Build.0 = Release|Any CPU
	EndGlobalSection
	GlobalSection(SolutionProperties) = preSolution
		HideSolutionNode = FALSE
	EndGlobalSection
	GlobalSection(ExtensibilityGlobals) = postSolution
		SolutionGuid = {AC06A36E-9BF8-4A9B-A113-6A4EF9BF9563}
	EndGlobalSection
EndGlobal
